// !$*UTF8*$!
{
	archiveVersion = 1;
	classes = {
	};
	objectVersion = 55;
	objects = {

/* Begin PBXBuildFile section */
		545CCEAB27200FE500811CE3 /* Utils.swift in Sources */ = {isa = PBXBuildFile; fileRef = 545CCEAA27200FE500811CE3 /* Utils.swift */; };
		545CCEC127229B1C00811CE3 /* TimeSlotModel.swift in Sources */ = {isa = PBXBuildFile; fileRef = 545CCEC027229B1C00811CE3 /* TimeSlotModel.swift */; };
		545CCEC427229C5A00811CE3 /* WorkLogModel.swift in Sources */ = {isa = PBXBuildFile; fileRef = 545CCEC327229C5A00811CE3 /* WorkLogModel.swift */; };
		545CCEC727229D1E00811CE3 /* ProjectModel.swift in Sources */ = {isa = PBXBuildFile; fileRef = 545CCEC627229D1E00811CE3 /* ProjectModel.swift */; };
		545CCECA27229DF800811CE3 /* ClientModel.swift in Sources */ = {isa = PBXBuildFile; fileRef = 545CCEC927229DF800811CE3 /* ClientModel.swift */; };
		545CCED82723053E00811CE3 /* FirebasePublishTimeslotsEndToEndTests.swift in Sources */ = {isa = PBXBuildFile; fileRef = 545CCED72723053E00811CE3 /* FirebasePublishTimeslotsEndToEndTests.swift */; };
		545CCEDC2726EB0600811CE3 /* AddView.swift in Sources */ = {isa = PBXBuildFile; fileRef = 545CCEDB2726EB0600811CE3 /* AddView.swift */; };
		545CCEDF2727274D00811CE3 /* DatePickerView.swift in Sources */ = {isa = PBXBuildFile; fileRef = 545CCEDE2727274D00811CE3 /* DatePickerView.swift */; };
		54A3FC21274E399200E36C92 /* ProgressIndicator.swift in Sources */ = {isa = PBXBuildFile; fileRef = 54A3FC20274E399200E36C92 /* ProgressIndicator.swift */; };
		54D2FDB72717234F00C66998 /* GoogleService-Info.plist in Resources */ = {isa = PBXBuildFile; fileRef = 54D2FDB62717234F00C66998 /* GoogleService-Info.plist */; };
		54D2FDBC2717354800C66998 /* Extensions.swift in Sources */ = {isa = PBXBuildFile; fileRef = 54D2FDBA2717354800C66998 /* Extensions.swift */; };
		54D2FDD9271747F100C66998 /* FirebaseAuthProviderEndToEndTests.swift in Sources */ = {isa = PBXBuildFile; fileRef = 54D2FDD8271747F100C66998 /* FirebaseAuthProviderEndToEndTests.swift */; };
		54D8EEAA2717502900D867F3 /* SessionStore.swift in Sources */ = {isa = PBXBuildFile; fileRef = 54D8EEA92717502900D867F3 /* SessionStore.swift */; };
		54D8EEAD271887EF00D867F3 /* UserModel.swift in Sources */ = {isa = PBXBuildFile; fileRef = 54D8EEAC271887EF00D867F3 /* UserModel.swift */; };
		54DB5090271563FA00A9700A /* FirebaseAuth in Frameworks */ = {isa = PBXBuildFile; productRef = 54DB508F271563FA00A9700A /* FirebaseAuth */; };
		54DB5092271563FA00A9700A /* FirebaseFirestore in Frameworks */ = {isa = PBXBuildFile; productRef = 54DB5091271563FA00A9700A /* FirebaseFirestore */; };
		54DB5094271563FA00A9700A /* FirebaseFunctions in Frameworks */ = {isa = PBXBuildFile; productRef = 54DB5093271563FA00A9700A /* FirebaseFunctions */; };
		54DB509D2715A2FA00A9700A /* (null) in Sources */ = {isa = PBXBuildFile; };
		54F983662746887400577AD6 /* TimeSlotViewModel.swift in Sources */ = {isa = PBXBuildFile; fileRef = 54F983652746887400577AD6 /* TimeSlotViewModel.swift */; };
		54FB1C8627306B060099BE81 /* FirebaseFirestoreSwift-Beta in Frameworks */ = {isa = PBXBuildFile; productRef = 54FB1C8527306B060099BE81 /* FirebaseFirestoreSwift-Beta */; };
		C61F54AE2743FFED0083E1A4 /* ClientsLoader.swift in Sources */ = {isa = PBXBuildFile; fileRef = C61F54AD2743FFED0083E1A4 /* ClientsLoader.swift */; };
		C61F54B02744000D0083E1A4 /* TimeSlotsLoader.swift in Sources */ = {isa = PBXBuildFile; fileRef = C61F54AF2744000D0083E1A4 /* TimeSlotsLoader.swift */; };
		C61F54B2274400180083E1A4 /* TimeSlotsPublisher.swift in Sources */ = {isa = PBXBuildFile; fileRef = C61F54B1274400180083E1A4 /* TimeSlotsPublisher.swift */; };
		C61F54B4274400280083E1A4 /* UserLoader.swift in Sources */ = {isa = PBXBuildFile; fileRef = C61F54B3274400280083E1A4 /* UserLoader.swift */; };
		C61F54B7274400580083E1A4 /* FirebaseClientsLoader.swift in Sources */ = {isa = PBXBuildFile; fileRef = C61F54B6274400580083E1A4 /* FirebaseClientsLoader.swift */; };
		C61F54B92744006A0083E1A4 /* FirebaseTimeslotsLoader.swift in Sources */ = {isa = PBXBuildFile; fileRef = C61F54B82744006A0083E1A4 /* FirebaseTimeslotsLoader.swift */; };
		C61F54BD274400960083E1A4 /* FirebaseUserLoader.swift in Sources */ = {isa = PBXBuildFile; fileRef = C61F54BC274400960083E1A4 /* FirebaseUserLoader.swift */; };
		C61F54BF2747A66D0083E1A4 /* TimeslotsUseCaseTests.swift in Sources */ = {isa = PBXBuildFile; fileRef = C61F54BE2747A66D0083E1A4 /* TimeslotsUseCaseTests.swift */; };
		C61F54C12747D8E40083E1A4 /* TimeslotsStore.swift in Sources */ = {isa = PBXBuildFile; fileRef = C61F54C02747D8E40083E1A4 /* TimeslotsStore.swift */; };
		C61F54C32747DDE10083E1A4 /* FirebaseTimeslotsDataStoreEndToEndTests.swift in Sources */ = {isa = PBXBuildFile; fileRef = C61F54C22747DDE10083E1A4 /* FirebaseTimeslotsDataStoreEndToEndTests.swift */; };
		C61F54C52747E5D00083E1A4 /* HomePresentationTests.swift in Sources */ = {isa = PBXBuildFile; fileRef = C61F54C42747E5D00083E1A4 /* HomePresentationTests.swift */; };
		C61F54C8274810810083E1A4 /* HomeScreenViewModel.swift in Sources */ = {isa = PBXBuildFile; fileRef = C61F54C7274810810083E1A4 /* HomeScreenViewModel.swift */; };
		C61F54CE2748139A0083E1A4 /* HomeScreenUIComposer.swift in Sources */ = {isa = PBXBuildFile; fileRef = C61F54CD2748139A0083E1A4 /* HomeScreenUIComposer.swift */; };
		C64C428B271464B300CFBDEF /* TimeTrackerClientApp.swift in Sources */ = {isa = PBXBuildFile; fileRef = C64C428A271464B300CFBDEF /* TimeTrackerClientApp.swift */; };
		C64C428F271464B600CFBDEF /* Assets.xcassets in Resources */ = {isa = PBXBuildFile; fileRef = C64C428E271464B600CFBDEF /* Assets.xcassets */; };
		C64C4292271464B600CFBDEF /* Preview Assets.xcassets in Resources */ = {isa = PBXBuildFile; fileRef = C64C4291271464B600CFBDEF /* Preview Assets.xcassets */; };
		C65EECCE274E3087006ACD6A /* ClientsAPIUseCaseTests.swift in Sources */ = {isa = PBXBuildFile; fileRef = C65EECCD274E3087006ACD6A /* ClientsAPIUseCaseTests.swift */; };
		C65EECD0274E409F006ACD6A /* ClientsStore.swift in Sources */ = {isa = PBXBuildFile; fileRef = C65EECCF274E409F006ACD6A /* ClientsStore.swift */; };
		C65EECD2274E4961006ACD6A /* PublishTimeslotUseCaseTests.swift in Sources */ = {isa = PBXBuildFile; fileRef = C65EECD1274E4961006ACD6A /* PublishTimeslotUseCaseTests.swift */; };
		C65EECD4274E54A9006ACD6A /* TimeslotsStoreSpy.swift in Sources */ = {isa = PBXBuildFile; fileRef = C65EECD3274E54A9006ACD6A /* TimeslotsStoreSpy.swift */; };
		C67C26E1274BDDAF00124F12 /* SharedTestHelpers.swift in Sources */ = {isa = PBXBuildFile; fileRef = C67C26E0274BDDAF00124F12 /* SharedTestHelpers.swift */; };
		C67C26E4274BDF9900124F12 /* XCTestCase+MemoryLeakTracking.swift in Sources */ = {isa = PBXBuildFile; fileRef = C67C26E3274BDF9900124F12 /* XCTestCase+MemoryLeakTracking.swift */; };
		C69C8577273BCCCF0089242C /* FirebaseAuthProvider.swift in Sources */ = {isa = PBXBuildFile; fileRef = C69C8576273BCCCF0089242C /* FirebaseAuthProvider.swift */; };
		C69C8579273BCD0E0089242C /* AuthProvider.swift in Sources */ = {isa = PBXBuildFile; fileRef = C69C8578273BCD0E0089242C /* AuthProvider.swift */; };
		C69C857B273BD3DE0089242C /* AuthProviderSpy.swift in Sources */ = {isa = PBXBuildFile; fileRef = C69C857A273BD3DE0089242C /* AuthProviderSpy.swift */; };
		C6ACF57D27317986006D2C43 /* HomeView.swift in Sources */ = {isa = PBXBuildFile; fileRef = C6ACF57927317986006D2C43 /* HomeView.swift */; };
		C6ACF57E27317986006D2C43 /* ProjectView.swift in Sources */ = {isa = PBXBuildFile; fileRef = C6ACF57A27317986006D2C43 /* ProjectView.swift */; };
		C6DA42E82732DBC800D44D80 /* LoginView.swift in Sources */ = {isa = PBXBuildFile; fileRef = C6DA42E72732DBC800D44D80 /* LoginView.swift */; };
		C6DA42EA2735477E00D44D80 /* DateLabel.swift in Sources */ = {isa = PBXBuildFile; fileRef = C6DA42E92735477E00D44D80 /* DateLabel.swift */; };
		C6DA42EC27356C4400D44D80 /* AuthenticationTests.swift in Sources */ = {isa = PBXBuildFile; fileRef = C6DA42EB27356C4400D44D80 /* AuthenticationTests.swift */; };
/* End PBXBuildFile section */

/* Begin PBXContainerItemProxy section */
		54D2FDDA271747F100C66998 /* PBXContainerItemProxy */ = {
			isa = PBXContainerItemProxy;
			containerPortal = C64C427F271464B300CFBDEF /* Project object */;
			proxyType = 1;
			remoteGlobalIDString = C64C4286271464B300CFBDEF;
			remoteInfo = TimeTrackerClient;
		};
/* End PBXContainerItemProxy section */

/* Begin PBXFileReference section */
		545CCEAA27200FE500811CE3 /* Utils.swift */ = {isa = PBXFileReference; lastKnownFileType = sourcecode.swift; path = Utils.swift; sourceTree = "<group>"; };
		545CCEC027229B1C00811CE3 /* TimeSlotModel.swift */ = {isa = PBXFileReference; lastKnownFileType = sourcecode.swift; path = TimeSlotModel.swift; sourceTree = "<group>"; };
		545CCEC327229C5A00811CE3 /* WorkLogModel.swift */ = {isa = PBXFileReference; lastKnownFileType = sourcecode.swift; path = WorkLogModel.swift; sourceTree = "<group>"; };
		545CCEC627229D1E00811CE3 /* ProjectModel.swift */ = {isa = PBXFileReference; lastKnownFileType = sourcecode.swift; path = ProjectModel.swift; sourceTree = "<group>"; };
		545CCEC927229DF800811CE3 /* ClientModel.swift */ = {isa = PBXFileReference; lastKnownFileType = sourcecode.swift; path = ClientModel.swift; sourceTree = "<group>"; };
		545CCED72723053E00811CE3 /* FirebasePublishTimeslotsEndToEndTests.swift */ = {isa = PBXFileReference; lastKnownFileType = sourcecode.swift; path = FirebasePublishTimeslotsEndToEndTests.swift; sourceTree = "<group>"; };
		545CCEDB2726EB0600811CE3 /* AddView.swift */ = {isa = PBXFileReference; lastKnownFileType = sourcecode.swift; path = AddView.swift; sourceTree = "<group>"; };
		545CCEDE2727274D00811CE3 /* DatePickerView.swift */ = {isa = PBXFileReference; lastKnownFileType = sourcecode.swift; path = DatePickerView.swift; sourceTree = "<group>"; };
		54A3FC20274E399200E36C92 /* ProgressIndicator.swift */ = {isa = PBXFileReference; fileEncoding = 4; lastKnownFileType = sourcecode.swift; path = ProgressIndicator.swift; sourceTree = "<group>"; };
		54D2FDB62717234F00C66998 /* GoogleService-Info.plist */ = {isa = PBXFileReference; fileEncoding = 4; lastKnownFileType = text.plist.xml; path = "GoogleService-Info.plist"; sourceTree = "<group>"; };
		54D2FDBA2717354800C66998 /* Extensions.swift */ = {isa = PBXFileReference; fileEncoding = 4; lastKnownFileType = sourcecode.swift; name = Extensions.swift; path = TimeTrackerClient/Core/Extensions.swift; sourceTree = SOURCE_ROOT; };
		54D2FDD6271747F100C66998 /* TimeTrackerClientTests.xctest */ = {isa = PBXFileReference; explicitFileType = wrapper.cfbundle; includeInIndex = 0; path = TimeTrackerClientTests.xctest; sourceTree = BUILT_PRODUCTS_DIR; };
		54D2FDD8271747F100C66998 /* FirebaseAuthProviderEndToEndTests.swift */ = {isa = PBXFileReference; lastKnownFileType = sourcecode.swift; path = FirebaseAuthProviderEndToEndTests.swift; sourceTree = "<group>"; };
		54D8EEA92717502900D867F3 /* SessionStore.swift */ = {isa = PBXFileReference; lastKnownFileType = sourcecode.swift; path = SessionStore.swift; sourceTree = "<group>"; };
		54D8EEAC271887EF00D867F3 /* UserModel.swift */ = {isa = PBXFileReference; lastKnownFileType = sourcecode.swift; path = UserModel.swift; sourceTree = "<group>"; };
		54F983652746887400577AD6 /* TimeSlotViewModel.swift */ = {isa = PBXFileReference; lastKnownFileType = sourcecode.swift; path = TimeSlotViewModel.swift; sourceTree = "<group>"; };
		C61F54AD2743FFED0083E1A4 /* ClientsLoader.swift */ = {isa = PBXFileReference; lastKnownFileType = sourcecode.swift; path = ClientsLoader.swift; sourceTree = "<group>"; };
		C61F54AF2744000D0083E1A4 /* TimeSlotsLoader.swift */ = {isa = PBXFileReference; lastKnownFileType = sourcecode.swift; path = TimeSlotsLoader.swift; sourceTree = "<group>"; };
		C61F54B1274400180083E1A4 /* TimeSlotsPublisher.swift */ = {isa = PBXFileReference; lastKnownFileType = sourcecode.swift; path = TimeSlotsPublisher.swift; sourceTree = "<group>"; };
		C61F54B3274400280083E1A4 /* UserLoader.swift */ = {isa = PBXFileReference; lastKnownFileType = sourcecode.swift; path = UserLoader.swift; sourceTree = "<group>"; };
		C61F54B6274400580083E1A4 /* FirebaseClientsLoader.swift */ = {isa = PBXFileReference; lastKnownFileType = sourcecode.swift; path = FirebaseClientsLoader.swift; sourceTree = "<group>"; };
		C61F54B82744006A0083E1A4 /* FirebaseTimeslotsLoader.swift */ = {isa = PBXFileReference; lastKnownFileType = sourcecode.swift; path = FirebaseTimeslotsLoader.swift; sourceTree = "<group>"; };
		C61F54BC274400960083E1A4 /* FirebaseUserLoader.swift */ = {isa = PBXFileReference; lastKnownFileType = sourcecode.swift; path = FirebaseUserLoader.swift; sourceTree = "<group>"; };
		C61F54BE2747A66D0083E1A4 /* TimeslotsUseCaseTests.swift */ = {isa = PBXFileReference; lastKnownFileType = sourcecode.swift; path = TimeslotsUseCaseTests.swift; sourceTree = "<group>"; };
		C61F54C02747D8E40083E1A4 /* TimeslotsStore.swift */ = {isa = PBXFileReference; lastKnownFileType = sourcecode.swift; path = TimeslotsStore.swift; sourceTree = "<group>"; };
		C61F54C22747DDE10083E1A4 /* FirebaseTimeslotsDataStoreEndToEndTests.swift */ = {isa = PBXFileReference; lastKnownFileType = sourcecode.swift; path = FirebaseTimeslotsDataStoreEndToEndTests.swift; sourceTree = "<group>"; };
		C61F54C42747E5D00083E1A4 /* HomePresentationTests.swift */ = {isa = PBXFileReference; lastKnownFileType = sourcecode.swift; path = HomePresentationTests.swift; sourceTree = "<group>"; };
		C61F54C7274810810083E1A4 /* HomeScreenViewModel.swift */ = {isa = PBXFileReference; lastKnownFileType = sourcecode.swift; path = HomeScreenViewModel.swift; sourceTree = "<group>"; };
		C61F54CD2748139A0083E1A4 /* HomeScreenUIComposer.swift */ = {isa = PBXFileReference; lastKnownFileType = sourcecode.swift; path = HomeScreenUIComposer.swift; sourceTree = "<group>"; };
		C64C4287271464B300CFBDEF /* TimeTrackerClient.app */ = {isa = PBXFileReference; explicitFileType = wrapper.application; includeInIndex = 0; path = TimeTrackerClient.app; sourceTree = BUILT_PRODUCTS_DIR; };
		C64C428A271464B300CFBDEF /* TimeTrackerClientApp.swift */ = {isa = PBXFileReference; lastKnownFileType = sourcecode.swift; path = TimeTrackerClientApp.swift; sourceTree = "<group>"; };
		C64C428E271464B600CFBDEF /* Assets.xcassets */ = {isa = PBXFileReference; lastKnownFileType = folder.assetcatalog; path = Assets.xcassets; sourceTree = "<group>"; };
		C64C4291271464B600CFBDEF /* Preview Assets.xcassets */ = {isa = PBXFileReference; lastKnownFileType = folder.assetcatalog; path = "Preview Assets.xcassets"; sourceTree = "<group>"; };
		C65EECCD274E3087006ACD6A /* ClientsAPIUseCaseTests.swift */ = {isa = PBXFileReference; lastKnownFileType = sourcecode.swift; path = ClientsAPIUseCaseTests.swift; sourceTree = "<group>"; };
		C65EECCF274E409F006ACD6A /* ClientsStore.swift */ = {isa = PBXFileReference; lastKnownFileType = sourcecode.swift; path = ClientsStore.swift; sourceTree = "<group>"; };
		C65EECD1274E4961006ACD6A /* PublishTimeslotUseCaseTests.swift */ = {isa = PBXFileReference; lastKnownFileType = sourcecode.swift; path = PublishTimeslotUseCaseTests.swift; sourceTree = "<group>"; };
		C65EECD3274E54A9006ACD6A /* TimeslotsStoreSpy.swift */ = {isa = PBXFileReference; lastKnownFileType = sourcecode.swift; path = TimeslotsStoreSpy.swift; sourceTree = "<group>"; };
		C67C26E0274BDDAF00124F12 /* SharedTestHelpers.swift */ = {isa = PBXFileReference; lastKnownFileType = sourcecode.swift; path = SharedTestHelpers.swift; sourceTree = "<group>"; };
		C67C26E3274BDF9900124F12 /* XCTestCase+MemoryLeakTracking.swift */ = {isa = PBXFileReference; lastKnownFileType = sourcecode.swift; path = "XCTestCase+MemoryLeakTracking.swift"; sourceTree = "<group>"; };
		C69C8576273BCCCF0089242C /* FirebaseAuthProvider.swift */ = {isa = PBXFileReference; lastKnownFileType = sourcecode.swift; path = FirebaseAuthProvider.swift; sourceTree = "<group>"; };
		C69C8578273BCD0E0089242C /* AuthProvider.swift */ = {isa = PBXFileReference; lastKnownFileType = sourcecode.swift; path = AuthProvider.swift; sourceTree = "<group>"; };
		C69C857A273BD3DE0089242C /* AuthProviderSpy.swift */ = {isa = PBXFileReference; lastKnownFileType = sourcecode.swift; path = AuthProviderSpy.swift; sourceTree = "<group>"; };
		C6ACF57927317986006D2C43 /* HomeView.swift */ = {isa = PBXFileReference; fileEncoding = 4; lastKnownFileType = sourcecode.swift; path = HomeView.swift; sourceTree = "<group>"; };
		C6ACF57A27317986006D2C43 /* ProjectView.swift */ = {isa = PBXFileReference; fileEncoding = 4; lastKnownFileType = sourcecode.swift; path = ProjectView.swift; sourceTree = "<group>"; };
		C6B6AFCE272A892C00B5CFBC /* Info.plist */ = {isa = PBXFileReference; fileEncoding = 4; lastKnownFileType = text.plist.xml; path = Info.plist; sourceTree = "<group>"; };
		C6DA42E72732DBC800D44D80 /* LoginView.swift */ = {isa = PBXFileReference; fileEncoding = 4; lastKnownFileType = sourcecode.swift; path = LoginView.swift; sourceTree = "<group>"; };
		C6DA42E92735477E00D44D80 /* DateLabel.swift */ = {isa = PBXFileReference; lastKnownFileType = sourcecode.swift; path = DateLabel.swift; sourceTree = "<group>"; };
		C6DA42EB27356C4400D44D80 /* AuthenticationTests.swift */ = {isa = PBXFileReference; lastKnownFileType = sourcecode.swift; path = AuthenticationTests.swift; sourceTree = "<group>"; };
/* End PBXFileReference section */

/* Begin PBXFrameworksBuildPhase section */
		54D2FDD3271747F100C66998 /* Frameworks */ = {
			isa = PBXFrameworksBuildPhase;
			buildActionMask = 2147483647;
			files = (
			);
			runOnlyForDeploymentPostprocessing = 0;
		};
		C64C4284271464B300CFBDEF /* Frameworks */ = {
			isa = PBXFrameworksBuildPhase;
			buildActionMask = 2147483647;
			files = (
				54DB5094271563FA00A9700A /* FirebaseFunctions in Frameworks */,
				54FB1C8627306B060099BE81 /* FirebaseFirestoreSwift-Beta in Frameworks */,
				54DB5090271563FA00A9700A /* FirebaseAuth in Frameworks */,
				54DB5092271563FA00A9700A /* FirebaseFirestore in Frameworks */,
			);
			runOnlyForDeploymentPostprocessing = 0;
		};
/* End PBXFrameworksBuildPhase section */

/* Begin PBXGroup section */
		543DD550272AB3D700D426FC /* Views */ = {
			isa = PBXGroup;
			children = (
				54A3FC20274E399200E36C92 /* ProgressIndicator.swift */,
				C6ACF57827317986006D2C43 /* Time */,
				C6DA42E52732DB5500D44D80 /* Add */,
				C6DA42E62732DB9E00D44D80 /* Login */,
			);
			path = Views;
			sourceTree = "<group>";
		};
		54D2FDD7271747F100C66998 /* TimeTrackerClientTests */ = {
			isa = PBXGroup;
			children = (
				C67C26E2274BDE0600124F12 /* Helpers */,
				C65EECCC274E306A006ACD6A /* Clients API Tests */,
				C61F54CA274811010083E1A4 /* Timeslots API Tests */,
				C65EECD9274FC0F1006ACD6A /* Timeslots Presentation Tests */,
				C65EECDA274FC126006ACD6A /* Timeslots EndToEnd Tests */,
				C65EECD8274FC0D3006ACD6A /* PublishTimeslots API Tests */,
				C65EECDB274FC1AA006ACD6A /* PublishTimeslots EndToEnd Tests */,
				C64784C4273CF6170086D169 /* Auth */,
			);
			path = TimeTrackerClientTests;
			sourceTree = "<group>";
		};
		54D8EEA527174EC900D867F3 /* Core */ = {
			isa = PBXGroup;
			children = (
				54D8EEAF271887FA00D867F3 /* Models */,
				C61F54AB2743FFDD0083E1A4 /* DataStore */,
				C64784C3273CF5EC0086D169 /* Auth */,
				54D2FDBA2717354800C66998 /* Extensions.swift */,
				545CCEAA27200FE500811CE3 /* Utils.swift */,
			);
			path = Core;
			sourceTree = "<group>";
		};
		54D8EEAF271887FA00D867F3 /* Models */ = {
			isa = PBXGroup;
			children = (
				54D8EEAC271887EF00D867F3 /* UserModel.swift */,
				545CCEC027229B1C00811CE3 /* TimeSlotModel.swift */,
				545CCEC327229C5A00811CE3 /* WorkLogModel.swift */,
				545CCEC627229D1E00811CE3 /* ProjectModel.swift */,
				545CCEC927229DF800811CE3 /* ClientModel.swift */,
			);
			path = Models;
			sourceTree = "<group>";
		};
		54FB1C8427306B060099BE81 /* Frameworks */ = {
			isa = PBXGroup;
			children = (
			);
			name = Frameworks;
			sourceTree = "<group>";
		};
		C61F54AB2743FFDD0083E1A4 /* DataStore */ = {
			isa = PBXGroup;
			children = (
				C61F54B5274400510083E1A4 /* Infra */,
				C61F54AC2743FFE10083E1A4 /* Feature */,
			);
			path = DataStore;
			sourceTree = "<group>";
		};
		C61F54AC2743FFE10083E1A4 /* Feature */ = {
			isa = PBXGroup;
			children = (
				C61F54AD2743FFED0083E1A4 /* ClientsLoader.swift */,
				C61F54AF2744000D0083E1A4 /* TimeSlotsLoader.swift */,
				C61F54B1274400180083E1A4 /* TimeSlotsPublisher.swift */,
				C61F54B3274400280083E1A4 /* UserLoader.swift */,
				C61F54C02747D8E40083E1A4 /* TimeslotsStore.swift */,
				C65EECCF274E409F006ACD6A /* ClientsStore.swift */,
			);
			path = Feature;
			sourceTree = "<group>";
		};
		C61F54B5274400510083E1A4 /* Infra */ = {
			isa = PBXGroup;
			children = (
				C61F54B6274400580083E1A4 /* FirebaseClientsLoader.swift */,
				C61F54B82744006A0083E1A4 /* FirebaseTimeslotsLoader.swift */,
				C61F54BC274400960083E1A4 /* FirebaseUserLoader.swift */,
			);
			path = Infra;
			sourceTree = "<group>";
		};
		C61F54C6274810760083E1A4 /* Presentation */ = {
			isa = PBXGroup;
			children = (
				54F983652746887400577AD6 /* TimeSlotViewModel.swift */,
				C61F54C7274810810083E1A4 /* HomeScreenViewModel.swift */,
			);
			path = Presentation;
			sourceTree = "<group>";
		};
		C61F54C9274810EC0083E1A4 /* Composers */ = {
			isa = PBXGroup;
			children = (
				C61F54CD2748139A0083E1A4 /* HomeScreenUIComposer.swift */,
			);
			path = Composers;
			sourceTree = "<group>";
		};
		C61F54CA274811010083E1A4 /* Timeslots API Tests */ = {
			isa = PBXGroup;
			children = (
				C67C26D9274BDC4700124F12 /* Helpers */,
				C61F54BE2747A66D0083E1A4 /* TimeslotsUseCaseTests.swift */,
			);
			path = "Timeslots API Tests";
			sourceTree = "<group>";
		};
		C64784C1273C1A040086D169 /* Infra */ = {
			isa = PBXGroup;
			children = (
				C69C8576273BCCCF0089242C /* FirebaseAuthProvider.swift */,
			);
			path = Infra;
			sourceTree = "<group>";
		};
		C64784C2273C306A0086D169 /* Feature */ = {
			isa = PBXGroup;
			children = (
				54D8EEA92717502900D867F3 /* SessionStore.swift */,
				C69C8578273BCD0E0089242C /* AuthProvider.swift */,
			);
			path = Feature;
			sourceTree = "<group>";
		};
		C64784C3273CF5EC0086D169 /* Auth */ = {
			isa = PBXGroup;
			children = (
				C64784C1273C1A040086D169 /* Infra */,
				C64784C2273C306A0086D169 /* Feature */,
			);
			path = Auth;
			sourceTree = "<group>";
		};
		C64784C4273CF6170086D169 /* Auth */ = {
			isa = PBXGroup;
			children = (
				C64784C5273CF62B0086D169 /* Helpers */,
				C6DA42EB27356C4400D44D80 /* AuthenticationTests.swift */,
				54D2FDD8271747F100C66998 /* FirebaseAuthProviderEndToEndTests.swift */,
			);
			path = Auth;
			sourceTree = "<group>";
		};
		C64784C5273CF62B0086D169 /* Helpers */ = {
			isa = PBXGroup;
			children = (
				C69C857A273BD3DE0089242C /* AuthProviderSpy.swift */,
			);
			path = Helpers;
			sourceTree = "<group>";
		};
		C64C427E271464B300CFBDEF = {
			isa = PBXGroup;
			children = (
				54D2FDB62717234F00C66998 /* GoogleService-Info.plist */,
				C64C4289271464B300CFBDEF /* TimeTrackerClient */,
				54D2FDD7271747F100C66998 /* TimeTrackerClientTests */,
				C64C4288271464B300CFBDEF /* Products */,
				54FB1C8427306B060099BE81 /* Frameworks */,
			);
			sourceTree = "<group>";
		};
		C64C4288271464B300CFBDEF /* Products */ = {
			isa = PBXGroup;
			children = (
				C64C4287271464B300CFBDEF /* TimeTrackerClient.app */,
				54D2FDD6271747F100C66998 /* TimeTrackerClientTests.xctest */,
			);
			name = Products;
			sourceTree = "<group>";
		};
		C64C4289271464B300CFBDEF /* TimeTrackerClient */ = {
			isa = PBXGroup;
			children = (
				C6B6AFCE272A892C00B5CFBC /* Info.plist */,
				C64C428A271464B300CFBDEF /* TimeTrackerClientApp.swift */,
				C61F54C9274810EC0083E1A4 /* Composers */,
				543DD550272AB3D700D426FC /* Views */,
				C61F54C6274810760083E1A4 /* Presentation */,
				54D8EEA527174EC900D867F3 /* Core */,
				C64C428E271464B600CFBDEF /* Assets.xcassets */,
				C64C4290271464B600CFBDEF /* Preview Content */,
			);
			path = TimeTrackerClient;
			sourceTree = "<group>";
		};
		C64C4290271464B600CFBDEF /* Preview Content */ = {
			isa = PBXGroup;
			children = (
				C64C4291271464B600CFBDEF /* Preview Assets.xcassets */,
			);
			path = "Preview Content";
			sourceTree = "<group>";
		};
		C65EECCC274E306A006ACD6A /* Clients API Tests */ = {
			isa = PBXGroup;
			children = (
				C65EECCD274E3087006ACD6A /* ClientsAPIUseCaseTests.swift */,
			);
			path = "Clients API Tests";
			sourceTree = "<group>";
		};
		C65EECD8274FC0D3006ACD6A /* PublishTimeslots API Tests */ = {
			isa = PBXGroup;
			children = (
				C65EECD1274E4961006ACD6A /* PublishTimeslotUseCaseTests.swift */,
			);
			path = "PublishTimeslots API Tests";
			sourceTree = "<group>";
		};
		C65EECD9274FC0F1006ACD6A /* Timeslots Presentation Tests */ = {
			isa = PBXGroup;
			children = (
				C61F54C42747E5D00083E1A4 /* HomePresentationTests.swift */,
			);
			path = "Timeslots Presentation Tests";
			sourceTree = "<group>";
		};
		C65EECDA274FC126006ACD6A /* Timeslots EndToEnd Tests */ = {
			isa = PBXGroup;
			children = (
				C61F54C22747DDE10083E1A4 /* FirebaseTimeslotsDataStoreEndToEndTests.swift */,
			);
			path = "Timeslots EndToEnd Tests";
			sourceTree = "<group>";
		};
		C65EECDB274FC1AA006ACD6A /* PublishTimeslots EndToEnd Tests */ = {
			isa = PBXGroup;
			children = (
				545CCED72723053E00811CE3 /* FirebasePublishTimeslotsEndToEndTests.swift */,
			);
			path = "PublishTimeslots EndToEnd Tests";
			sourceTree = "<group>";
		};
		C67C26D9274BDC4700124F12 /* Helpers */ = {
			isa = PBXGroup;
			children = (
				C65EECD3274E54A9006ACD6A /* TimeslotsStoreSpy.swift */,
			);
			path = Helpers;
			sourceTree = "<group>";
		};
		C67C26E2274BDE0600124F12 /* Helpers */ = {
			isa = PBXGroup;
			children = (
				C67C26E0274BDDAF00124F12 /* SharedTestHelpers.swift */,
				C67C26E3274BDF9900124F12 /* XCTestCase+MemoryLeakTracking.swift */,
			);
			path = Helpers;
			sourceTree = "<group>";
		};
		C6ACF57827317986006D2C43 /* Time */ = {
			isa = PBXGroup;
			children = (
				C6ACF57927317986006D2C43 /* HomeView.swift */,
				C6ACF57A27317986006D2C43 /* ProjectView.swift */,
				C6DA42E92735477E00D44D80 /* DateLabel.swift */,
			);
			path = Time;
			sourceTree = "<group>";
		};
		C6DA42E52732DB5500D44D80 /* Add */ = {
			isa = PBXGroup;
			children = (
				545CCEDE2727274D00811CE3 /* DatePickerView.swift */,
				545CCEDB2726EB0600811CE3 /* AddView.swift */,
			);
			path = Add;
			sourceTree = "<group>";
		};
		C6DA42E62732DB9E00D44D80 /* Login */ = {
			isa = PBXGroup;
			children = (
				C6DA42E72732DBC800D44D80 /* LoginView.swift */,
			);
			path = Login;
			sourceTree = "<group>";
		};
/* End PBXGroup section */

/* Begin PBXNativeTarget section */
		54D2FDD5271747F100C66998 /* TimeTrackerClientTests */ = {
			isa = PBXNativeTarget;
			buildConfigurationList = 54D2FDDC271747F100C66998 /* Build configuration list for PBXNativeTarget "TimeTrackerClientTests" */;
			buildPhases = (
				54D2FDD2271747F100C66998 /* Sources */,
				54D2FDD3271747F100C66998 /* Frameworks */,
				54D2FDD4271747F100C66998 /* Resources */,
			);
			buildRules = (
			);
			dependencies = (
				54D2FDDB271747F100C66998 /* PBXTargetDependency */,
			);
			name = TimeTrackerClientTests;
			productName = TimeTrackerClientTests;
			productReference = 54D2FDD6271747F100C66998 /* TimeTrackerClientTests.xctest */;
			productType = "com.apple.product-type.bundle.unit-test";
		};
		C64C4286271464B300CFBDEF /* TimeTrackerClient */ = {
			isa = PBXNativeTarget;
			buildConfigurationList = C64C42AB271464B700CFBDEF /* Build configuration list for PBXNativeTarget "TimeTrackerClient" */;
			buildPhases = (
				C64C4283271464B300CFBDEF /* Sources */,
				C64C4284271464B300CFBDEF /* Frameworks */,
				C64C4285271464B300CFBDEF /* Resources */,
			);
			buildRules = (
			);
			dependencies = (
			);
			name = TimeTrackerClient;
			packageProductDependencies = (
				54DB508F271563FA00A9700A /* FirebaseAuth */,
				54DB5091271563FA00A9700A /* FirebaseFirestore */,
				54DB5093271563FA00A9700A /* FirebaseFunctions */,
				54FB1C8527306B060099BE81 /* FirebaseFirestoreSwift-Beta */,
			);
			productName = TimeTrackerClient;
			productReference = C64C4287271464B300CFBDEF /* TimeTrackerClient.app */;
			productType = "com.apple.product-type.application";
		};
/* End PBXNativeTarget section */

/* Begin PBXProject section */
		C64C427F271464B300CFBDEF /* Project object */ = {
			isa = PBXProject;
			attributes = {
				BuildIndependentTargetsInParallel = 1;
				LastSwiftUpdateCheck = 1300;
				LastUpgradeCheck = 1300;
				TargetAttributes = {
					54D2FDD5271747F100C66998 = {
						CreatedOnToolsVersion = 13.0;
						TestTargetID = C64C4286271464B300CFBDEF;
					};
					C64C4286271464B300CFBDEF = {
						CreatedOnToolsVersion = 13.0;
					};
				};
			};
			buildConfigurationList = C64C4282271464B300CFBDEF /* Build configuration list for PBXProject "TimeTrackerClient" */;
			compatibilityVersion = "Xcode 13.0";
			developmentRegion = en;
			hasScannedForEncodings = 0;
			knownRegions = (
				en,
				Base,
			);
			mainGroup = C64C427E271464B300CFBDEF;
			packageReferences = (
				54DB508E271563FA00A9700A /* XCRemoteSwiftPackageReference "firebase-ios-sdk" */,
			);
			productRefGroup = C64C4288271464B300CFBDEF /* Products */;
			projectDirPath = "";
			projectRoot = "";
			targets = (
				C64C4286271464B300CFBDEF /* TimeTrackerClient */,
				54D2FDD5271747F100C66998 /* TimeTrackerClientTests */,
			);
		};
/* End PBXProject section */

/* Begin PBXResourcesBuildPhase section */
		54D2FDD4271747F100C66998 /* Resources */ = {
			isa = PBXResourcesBuildPhase;
			buildActionMask = 2147483647;
			files = (
			);
			runOnlyForDeploymentPostprocessing = 0;
		};
		C64C4285271464B300CFBDEF /* Resources */ = {
			isa = PBXResourcesBuildPhase;
			buildActionMask = 2147483647;
			files = (
				C64C4292271464B600CFBDEF /* Preview Assets.xcassets in Resources */,
				C64C428F271464B600CFBDEF /* Assets.xcassets in Resources */,
				54D2FDB72717234F00C66998 /* GoogleService-Info.plist in Resources */,
			);
			runOnlyForDeploymentPostprocessing = 0;
		};
/* End PBXResourcesBuildPhase section */

/* Begin PBXSourcesBuildPhase section */
		54D2FDD2271747F100C66998 /* Sources */ = {
			isa = PBXSourcesBuildPhase;
			buildActionMask = 2147483647;
			files = (
				C61F54C32747DDE10083E1A4 /* FirebaseTimeslotsDataStoreEndToEndTests.swift in Sources */,
				C67C26E4274BDF9900124F12 /* XCTestCase+MemoryLeakTracking.swift in Sources */,
				54D2FDD9271747F100C66998 /* FirebaseAuthProviderEndToEndTests.swift in Sources */,
				C69C857B273BD3DE0089242C /* AuthProviderSpy.swift in Sources */,
				C67C26E1274BDDAF00124F12 /* SharedTestHelpers.swift in Sources */,
				C61F54BF2747A66D0083E1A4 /* TimeslotsUseCaseTests.swift in Sources */,
				C65EECD2274E4961006ACD6A /* PublishTimeslotUseCaseTests.swift in Sources */,
				C61F54C52747E5D00083E1A4 /* HomePresentationTests.swift in Sources */,
				545CCED82723053E00811CE3 /* FirebasePublishTimeslotsEndToEndTests.swift in Sources */,
				C65EECD4274E54A9006ACD6A /* TimeslotsStoreSpy.swift in Sources */,
				C65EECCE274E3087006ACD6A /* ClientsAPIUseCaseTests.swift in Sources */,
				C6DA42EC27356C4400D44D80 /* AuthenticationTests.swift in Sources */,
			);
			runOnlyForDeploymentPostprocessing = 0;
		};
		C64C4283271464B300CFBDEF /* Sources */ = {
			isa = PBXSourcesBuildPhase;
			buildActionMask = 2147483647;
			files = (
				C61F54C12747D8E40083E1A4 /* TimeslotsStore.swift in Sources */,
				545CCEDC2726EB0600811CE3 /* AddView.swift in Sources */,
				C61F54CE2748139A0083E1A4 /* HomeScreenUIComposer.swift in Sources */,
				54A3FC21274E399200E36C92 /* ProgressIndicator.swift in Sources */,
				545CCEDF2727274D00811CE3 /* DatePickerView.swift in Sources */,
				54F983662746887400577AD6 /* TimeSlotViewModel.swift in Sources */,
				54DB509D2715A2FA00A9700A /* (null) in Sources */,
				C61F54AE2743FFED0083E1A4 /* ClientsLoader.swift in Sources */,
				C61F54B92744006A0083E1A4 /* FirebaseTimeslotsLoader.swift in Sources */,
				C61F54B02744000D0083E1A4 /* TimeSlotsLoader.swift in Sources */,
				54D8EEAD271887EF00D867F3 /* UserModel.swift in Sources */,
				C6ACF57E27317986006D2C43 /* ProjectView.swift in Sources */,
				C65EECD0274E409F006ACD6A /* ClientsStore.swift in Sources */,
				C61F54B4274400280083E1A4 /* UserLoader.swift in Sources */,
				C61F54B7274400580083E1A4 /* FirebaseClientsLoader.swift in Sources */,
				545CCEAB27200FE500811CE3 /* Utils.swift in Sources */,
				545CCEC727229D1E00811CE3 /* ProjectModel.swift in Sources */,
				545CCECA27229DF800811CE3 /* ClientModel.swift in Sources */,
				54D8EEAA2717502900D867F3 /* SessionStore.swift in Sources */,
				545CCEC127229B1C00811CE3 /* TimeSlotModel.swift in Sources */,
				C61F54C8274810810083E1A4 /* HomeScreenViewModel.swift in Sources */,
				C69C8577273BCCCF0089242C /* FirebaseAuthProvider.swift in Sources */,
				C64C428B271464B300CFBDEF /* TimeTrackerClientApp.swift in Sources */,
				C69C8579273BCD0E0089242C /* AuthProvider.swift in Sources */,
				C6ACF57D27317986006D2C43 /* HomeView.swift in Sources */,
				545CCEC427229C5A00811CE3 /* WorkLogModel.swift in Sources */,
				C6DA42EA2735477E00D44D80 /* DateLabel.swift in Sources */,
				C61F54BD274400960083E1A4 /* FirebaseUserLoader.swift in Sources */,
				C6DA42E82732DBC800D44D80 /* LoginView.swift in Sources */,
				54D2FDBC2717354800C66998 /* Extensions.swift in Sources */,
				C61F54B2274400180083E1A4 /* TimeSlotsPublisher.swift in Sources */,
			);
			runOnlyForDeploymentPostprocessing = 0;
		};
/* End PBXSourcesBuildPhase section */

/* Begin PBXTargetDependency section */
		54D2FDDB271747F100C66998 /* PBXTargetDependency */ = {
			isa = PBXTargetDependency;
			target = C64C4286271464B300CFBDEF /* TimeTrackerClient */;
			targetProxy = 54D2FDDA271747F100C66998 /* PBXContainerItemProxy */;
		};
/* End PBXTargetDependency section */

/* Begin XCBuildConfiguration section */
		54D2FDDD271747F100C66998 /* Debug */ = {
			isa = XCBuildConfiguration;
			buildSettings = {
				ALWAYS_EMBED_SWIFT_STANDARD_LIBRARIES = YES;
				BUNDLE_LOADER = "$(TEST_HOST)";
				CODE_SIGN_STYLE = Automatic;
				CURRENT_PROJECT_VERSION = 1;
				DEVELOPMENT_TEAM = LC7N3KMTDD;
				GENERATE_INFOPLIST_FILE = YES;
				LD_RUNPATH_SEARCH_PATHS = (
					"$(inherited)",
					"@executable_path/Frameworks",
					"@loader_path/Frameworks",
				);
				MARKETING_VERSION = 1.0;
				PRODUCT_BUNDLE_IDENTIFIER = com.parhelionsoftware.timeTrackerClient.TimeTrackerClientTests;
				PRODUCT_NAME = "$(TARGET_NAME)";
				SDKROOT = iphoneos;
				SWIFT_EMIT_LOC_STRINGS = NO;
				SWIFT_VERSION = 5.0;
				TARGETED_DEVICE_FAMILY = 1;
				TEST_HOST = "$(BUILT_PRODUCTS_DIR)/TimeTrackerClient.app/TimeTrackerClient";
			};
			name = Debug;
		};
		54D2FDDE271747F100C66998 /* Release */ = {
			isa = XCBuildConfiguration;
			buildSettings = {
				ALWAYS_EMBED_SWIFT_STANDARD_LIBRARIES = YES;
				BUNDLE_LOADER = "$(TEST_HOST)";
				CODE_SIGN_STYLE = Automatic;
				CURRENT_PROJECT_VERSION = 1;
				DEVELOPMENT_TEAM = LC7N3KMTDD;
				GENERATE_INFOPLIST_FILE = YES;
				LD_RUNPATH_SEARCH_PATHS = (
					"$(inherited)",
					"@executable_path/Frameworks",
					"@loader_path/Frameworks",
				);
				MARKETING_VERSION = 1.0;
				PRODUCT_BUNDLE_IDENTIFIER = com.parhelionsoftware.timeTrackerClient.TimeTrackerClientTests;
				PRODUCT_NAME = "$(TARGET_NAME)";
				SDKROOT = iphoneos;
				SWIFT_EMIT_LOC_STRINGS = NO;
				SWIFT_VERSION = 5.0;
				TARGETED_DEVICE_FAMILY = 1;
				TEST_HOST = "$(BUILT_PRODUCTS_DIR)/TimeTrackerClient.app/TimeTrackerClient";
			};
			name = Release;
		};
		C64C42A9271464B700CFBDEF /* Debug */ = {
			isa = XCBuildConfiguration;
			buildSettings = {
				ALWAYS_SEARCH_USER_PATHS = NO;
				CLANG_ANALYZER_NONNULL = YES;
				CLANG_ANALYZER_NUMBER_OBJECT_CONVERSION = YES_AGGRESSIVE;
				CLANG_CXX_LANGUAGE_STANDARD = "gnu++17";
				CLANG_CXX_LIBRARY = "libc++";
				CLANG_ENABLE_MODULES = YES;
				CLANG_ENABLE_OBJC_ARC = YES;
				CLANG_ENABLE_OBJC_WEAK = YES;
				CLANG_WARN_BLOCK_CAPTURE_AUTORELEASING = YES;
				CLANG_WARN_BOOL_CONVERSION = YES;
				CLANG_WARN_COMMA = YES;
				CLANG_WARN_CONSTANT_CONVERSION = YES;
				CLANG_WARN_DEPRECATED_OBJC_IMPLEMENTATIONS = YES;
				CLANG_WARN_DIRECT_OBJC_ISA_USAGE = YES_ERROR;
				CLANG_WARN_DOCUMENTATION_COMMENTS = YES;
				CLANG_WARN_EMPTY_BODY = YES;
				CLANG_WARN_ENUM_CONVERSION = YES;
				CLANG_WARN_INFINITE_RECURSION = YES;
				CLANG_WARN_INT_CONVERSION = YES;
				CLANG_WARN_NON_LITERAL_NULL_CONVERSION = YES;
				CLANG_WARN_OBJC_IMPLICIT_RETAIN_SELF = YES;
				CLANG_WARN_OBJC_LITERAL_CONVERSION = YES;
				CLANG_WARN_OBJC_ROOT_CLASS = YES_ERROR;
				CLANG_WARN_QUOTED_INCLUDE_IN_FRAMEWORK_HEADER = YES;
				CLANG_WARN_RANGE_LOOP_ANALYSIS = YES;
				CLANG_WARN_STRICT_PROTOTYPES = YES;
				CLANG_WARN_SUSPICIOUS_MOVE = YES;
				CLANG_WARN_UNGUARDED_AVAILABILITY = YES_AGGRESSIVE;
				CLANG_WARN_UNREACHABLE_CODE = YES;
				CLANG_WARN__DUPLICATE_METHOD_MATCH = YES;
				COPY_PHASE_STRIP = NO;
				DEBUG_INFORMATION_FORMAT = dwarf;
				ENABLE_STRICT_OBJC_MSGSEND = YES;
				ENABLE_TESTABILITY = YES;
				GCC_C_LANGUAGE_STANDARD = gnu11;
				GCC_DYNAMIC_NO_PIC = NO;
				GCC_NO_COMMON_BLOCKS = YES;
				GCC_OPTIMIZATION_LEVEL = 0;
				GCC_PREPROCESSOR_DEFINITIONS = (
					"DEBUG=1",
					"$(inherited)",
				);
				GCC_WARN_64_TO_32_BIT_CONVERSION = YES;
				GCC_WARN_ABOUT_RETURN_TYPE = YES_ERROR;
				GCC_WARN_UNDECLARED_SELECTOR = YES;
				GCC_WARN_UNINITIALIZED_AUTOS = YES_AGGRESSIVE;
				GCC_WARN_UNUSED_FUNCTION = YES;
				GCC_WARN_UNUSED_VARIABLE = YES;
				IPHONEOS_DEPLOYMENT_TARGET = 14.0;
				MTL_ENABLE_DEBUG_INFO = INCLUDE_SOURCE;
				MTL_FAST_MATH = YES;
				ONLY_ACTIVE_ARCH = YES;
				SDKROOT = iphoneos;
				SWIFT_ACTIVE_COMPILATION_CONDITIONS = DEBUG;
				SWIFT_OPTIMIZATION_LEVEL = "-Onone";
			};
			name = Debug;
		};
		C64C42AA271464B700CFBDEF /* Release */ = {
			isa = XCBuildConfiguration;
			buildSettings = {
				ALWAYS_SEARCH_USER_PATHS = NO;
				CLANG_ANALYZER_NONNULL = YES;
				CLANG_ANALYZER_NUMBER_OBJECT_CONVERSION = YES_AGGRESSIVE;
				CLANG_CXX_LANGUAGE_STANDARD = "gnu++17";
				CLANG_CXX_LIBRARY = "libc++";
				CLANG_ENABLE_MODULES = YES;
				CLANG_ENABLE_OBJC_ARC = YES;
				CLANG_ENABLE_OBJC_WEAK = YES;
				CLANG_WARN_BLOCK_CAPTURE_AUTORELEASING = YES;
				CLANG_WARN_BOOL_CONVERSION = YES;
				CLANG_WARN_COMMA = YES;
				CLANG_WARN_CONSTANT_CONVERSION = YES;
				CLANG_WARN_DEPRECATED_OBJC_IMPLEMENTATIONS = YES;
				CLANG_WARN_DIRECT_OBJC_ISA_USAGE = YES_ERROR;
				CLANG_WARN_DOCUMENTATION_COMMENTS = YES;
				CLANG_WARN_EMPTY_BODY = YES;
				CLANG_WARN_ENUM_CONVERSION = YES;
				CLANG_WARN_INFINITE_RECURSION = YES;
				CLANG_WARN_INT_CONVERSION = YES;
				CLANG_WARN_NON_LITERAL_NULL_CONVERSION = YES;
				CLANG_WARN_OBJC_IMPLICIT_RETAIN_SELF = YES;
				CLANG_WARN_OBJC_LITERAL_CONVERSION = YES;
				CLANG_WARN_OBJC_ROOT_CLASS = YES_ERROR;
				CLANG_WARN_QUOTED_INCLUDE_IN_FRAMEWORK_HEADER = YES;
				CLANG_WARN_RANGE_LOOP_ANALYSIS = YES;
				CLANG_WARN_STRICT_PROTOTYPES = YES;
				CLANG_WARN_SUSPICIOUS_MOVE = YES;
				CLANG_WARN_UNGUARDED_AVAILABILITY = YES_AGGRESSIVE;
				CLANG_WARN_UNREACHABLE_CODE = YES;
				CLANG_WARN__DUPLICATE_METHOD_MATCH = YES;
				COPY_PHASE_STRIP = NO;
				DEBUG_INFORMATION_FORMAT = "dwarf-with-dsym";
				ENABLE_NS_ASSERTIONS = NO;
				ENABLE_STRICT_OBJC_MSGSEND = YES;
				GCC_C_LANGUAGE_STANDARD = gnu11;
				GCC_NO_COMMON_BLOCKS = YES;
				GCC_WARN_64_TO_32_BIT_CONVERSION = YES;
				GCC_WARN_ABOUT_RETURN_TYPE = YES_ERROR;
				GCC_WARN_UNDECLARED_SELECTOR = YES;
				GCC_WARN_UNINITIALIZED_AUTOS = YES_AGGRESSIVE;
				GCC_WARN_UNUSED_FUNCTION = YES;
				GCC_WARN_UNUSED_VARIABLE = YES;
				IPHONEOS_DEPLOYMENT_TARGET = 14.0;
				MTL_ENABLE_DEBUG_INFO = NO;
				MTL_FAST_MATH = YES;
				SDKROOT = iphoneos;
				SWIFT_COMPILATION_MODE = wholemodule;
				SWIFT_OPTIMIZATION_LEVEL = "-O";
				VALIDATE_PRODUCT = YES;
			};
			name = Release;
		};
		C64C42AC271464B700CFBDEF /* Debug */ = {
			isa = XCBuildConfiguration;
			buildSettings = {
				ASSETCATALOG_COMPILER_APPICON_NAME = AppIcon;
				ASSETCATALOG_COMPILER_GLOBAL_ACCENT_COLOR_NAME = AccentColor;
				ASSETCATALOG_COMPILER_INCLUDE_ALL_APPICON_ASSETS = NO;
				CODE_SIGN_STYLE = Automatic;
				CURRENT_PROJECT_VERSION = 1;
				DEVELOPMENT_ASSET_PATHS = "\"TimeTrackerClient/Preview Content\"";
				DEVELOPMENT_TEAM = LC7N3KMTDD;
				ENABLE_PREVIEWS = YES;
				GENERATE_INFOPLIST_FILE = NO;
				INFOPLIST_FILE = TimeTrackerClient/Info.plist;
				INFOPLIST_KEY_UIApplicationSceneManifest_Generation = YES;
				INFOPLIST_KEY_UIApplicationSupportsIndirectInputEvents = YES;
				INFOPLIST_KEY_UILaunchScreen_Generation = YES;
				INFOPLIST_KEY_UISupportedInterfaceOrientations = UIInterfaceOrientationPortrait;
				INFOPLIST_KEY_UISupportedInterfaceOrientations_iPad = "UIInterfaceOrientationPortrait UIInterfaceOrientationPortraitUpsideDown UIInterfaceOrientationLandscapeLeft UIInterfaceOrientationLandscapeRight";
				INFOPLIST_KEY_UISupportedInterfaceOrientations_iPhone = "UIInterfaceOrientationPortrait UIInterfaceOrientationLandscapeLeft UIInterfaceOrientationLandscapeRight";
				IPHONEOS_DEPLOYMENT_TARGET = 14.0;
				LD_RUNPATH_SEARCH_PATHS = (
					"$(inherited)",
					"@executable_path/Frameworks",
				);
				MARKETING_VERSION = 0.0.4;
				PRODUCT_BUNDLE_IDENTIFIER = com.parhelionsoftware.timeTrackerClient;
				PRODUCT_NAME = "$(TARGET_NAME)";
				SWIFT_EMIT_LOC_STRINGS = YES;
				SWIFT_VERSION = 5.0;
				TARGETED_DEVICE_FAMILY = 1;
			};
			name = Debug;
		};
		C64C42AD271464B700CFBDEF /* Release */ = {
			isa = XCBuildConfiguration;
			buildSettings = {
				ASSETCATALOG_COMPILER_APPICON_NAME = AppIcon;
				ASSETCATALOG_COMPILER_GLOBAL_ACCENT_COLOR_NAME = AccentColor;
				ASSETCATALOG_COMPILER_INCLUDE_ALL_APPICON_ASSETS = NO;
				CODE_SIGN_IDENTITY = "iPhone Distribution";
				CODE_SIGN_STYLE = Manual;
				CURRENT_PROJECT_VERSION = 1;
				DEVELOPMENT_ASSET_PATHS = "\"TimeTrackerClient/Preview Content\"";
				DEVELOPMENT_TEAM = LC7N3KMTDD;
				ENABLE_PREVIEWS = YES;
				GENERATE_INFOPLIST_FILE = NO;
				INFOPLIST_FILE = TimeTrackerClient/Info.plist;
				INFOPLIST_KEY_UIApplicationSceneManifest_Generation = YES;
				INFOPLIST_KEY_UIApplicationSupportsIndirectInputEvents = YES;
				INFOPLIST_KEY_UILaunchScreen_Generation = YES;
				INFOPLIST_KEY_UISupportedInterfaceOrientations = UIInterfaceOrientationPortrait;
				INFOPLIST_KEY_UISupportedInterfaceOrientations_iPad = "UIInterfaceOrientationPortrait UIInterfaceOrientationPortraitUpsideDown UIInterfaceOrientationLandscapeLeft UIInterfaceOrientationLandscapeRight";
				INFOPLIST_KEY_UISupportedInterfaceOrientations_iPhone = "UIInterfaceOrientationPortrait UIInterfaceOrientationLandscapeLeft UIInterfaceOrientationLandscapeRight";
				IPHONEOS_DEPLOYMENT_TARGET = 14.0;
				LD_RUNPATH_SEARCH_PATHS = (
					"$(inherited)",
					"@executable_path/Frameworks",
				);
				MARKETING_VERSION = 0.0.4;
				PRODUCT_BUNDLE_IDENTIFIER = com.parhelionsoftware.timeTrackerClient;
				PRODUCT_NAME = "$(TARGET_NAME)";
				PROVISIONING_PROFILE_SPECIFIER = TimeTracker;
				SWIFT_EMIT_LOC_STRINGS = YES;
				SWIFT_VERSION = 5.0;
				TARGETED_DEVICE_FAMILY = 1;
			};
			name = Release;
		};
/* End XCBuildConfiguration section */

/* Begin XCConfigurationList section */
		54D2FDDC271747F100C66998 /* Build configuration list for PBXNativeTarget "TimeTrackerClientTests" */ = {
			isa = XCConfigurationList;
			buildConfigurations = (
				54D2FDDD271747F100C66998 /* Debug */,
				54D2FDDE271747F100C66998 /* Release */,
			);
			defaultConfigurationIsVisible = 0;
			defaultConfigurationName = Release;
		};
		C64C4282271464B300CFBDEF /* Build configuration list for PBXProject "TimeTrackerClient" */ = {
			isa = XCConfigurationList;
			buildConfigurations = (
				C64C42A9271464B700CFBDEF /* Debug */,
				C64C42AA271464B700CFBDEF /* Release */,
			);
			defaultConfigurationIsVisible = 0;
			defaultConfigurationName = Release;
		};
		C64C42AB271464B700CFBDEF /* Build configuration list for PBXNativeTarget "TimeTrackerClient" */ = {
			isa = XCConfigurationList;
			buildConfigurations = (
				C64C42AC271464B700CFBDEF /* Debug */,
				C64C42AD271464B700CFBDEF /* Release */,
			);
			defaultConfigurationIsVisible = 0;
			defaultConfigurationName = Release;
		};
/* End XCConfigurationList section */

/* Begin XCRemoteSwiftPackageReference section */
		54DB508E271563FA00A9700A /* XCRemoteSwiftPackageReference "firebase-ios-sdk" */ = {
			isa = XCRemoteSwiftPackageReference;
			repositoryURL = "https://github.com/firebase/firebase-ios-sdk.git";
			requirement = {
				kind = upToNextMajorVersion;
				minimumVersion = 8.0.0;
			};
		};
/* End XCRemoteSwiftPackageReference section */

/* Begin XCSwiftPackageProductDependency section */
		54DB508F271563FA00A9700A /* FirebaseAuth */ = {
			isa = XCSwiftPackageProductDependency;
			package = 54DB508E271563FA00A9700A /* XCRemoteSwiftPackageReference "firebase-ios-sdk" */;
			productName = FirebaseAuth;
		};
		54DB5091271563FA00A9700A /* FirebaseFirestore */ = {
			isa = XCSwiftPackageProductDependency;
			package = 54DB508E271563FA00A9700A /* XCRemoteSwiftPackageReference "firebase-ios-sdk" */;
			productName = FirebaseFirestore;
		};
		54DB5093271563FA00A9700A /* FirebaseFunctions */ = {
			isa = XCSwiftPackageProductDependency;
			package = 54DB508E271563FA00A9700A /* XCRemoteSwiftPackageReference "firebase-ios-sdk" */;
			productName = FirebaseFunctions;
		};
		54FB1C8527306B060099BE81 /* FirebaseFirestoreSwift-Beta */ = {
			isa = XCSwiftPackageProductDependency;
			package = 54DB508E271563FA00A9700A /* XCRemoteSwiftPackageReference "firebase-ios-sdk" */;
			productName = "FirebaseFirestoreSwift-Beta";
		};
/* End XCSwiftPackageProductDependency section */
	};
	rootObject = C64C427F271464B300CFBDEF /* Project object */;
}
